
Microsoft Visual Studio Solution File, Format Version 12.00
# Visual Studio Version 17
VisualStudioVersion = 17.5.002.0
MinimumVisualStudioVersion = 10.0.40219.1
Project("{9A19103F-16F7-4668-BE54-9A1E7A4F7556}") = "GroupProject", "GroupProject.csproj", "{A64B4FB8-E4F6-44B6-8926-936AEADCA2E6}"
EndProject
Global
	GlobalSection(SolutionConfigurationPlatforms) = preSolution
		Debug|Any CPU = Debug|Any CPU
		Release|Any CPU = Release|Any CPU
	EndGlobalSection
	GlobalSection(ProjectConfigurationPlatforms) = postSolution
		{A64B4FB8-E4F6-44B6-8926-936AEADCA2E6}.Debug|Any CPU.ActiveCfg = Debug|Any CPU
		{A64B4FB8-E4F6-44B6-8926-936AEADCA2E6}.Debug|Any CPU.Build.0 = Debug|Any CPU
		{A64B4FB8-E4F6-44B6-8926-936AEADCA2E6}.Release|Any CPU.ActiveCfg = Release|Any CPU
		{A64B4FB8-E4F6-44B6-8926-936AEADCA2E6}.Release|Any CPU.Build.0 = Release|Any CPU
	EndGlobalSection
	GlobalSection(SolutionProperties) = preSolution
		HideSolutionNode = FALSE
	EndGlobalSection
	GlobalSection(ExtensibilityGlobals) = postSolution
		SolutionGuid = {32C0F0C2-3C9F-40DF-BC4E-73E826C597F7}
	EndGlobalSection
EndGlobal
